{
  "name": "window-worker",
  "version": "0.0.96",
  "lockfileVersion": 1,
  "requires": true,
  "dependencies": {
    "async-limiter": {
      "version": "1.0.0",
      "resolved": "https://registry.npmjs.org/async-limiter/-/async-limiter-1.0.0.tgz",
      "integrity": "sha512-jp/uFnooOiO+L211eZOoSyzpOITMXx1rBITauYykG3BRYPu8h0UcxsPNB04RR5vo4Tyz3+ay17tR6JVf9qzYWg=="
    },
    "child-process-thread": {
      "version": "0.0.63",
      "resolved": "https://registry.npmjs.org/child-process-thread/-/child-process-thread-0.0.63.tgz",
      "integrity": "sha512-+O+Fa900yDiK62CeNk35B9garyV2SMJLOkafBFvTPUekQ/GasVlRPlWDdfG1hBXnr5a7wyNqxDmGC9RnhGMOww==",
      "requires": {
        "nan": "^2.10.0",
        "raw-buffer": "0.0.19",
        "smiggles": "0.0.28"
      }
    },
    "mime": {
      "version": "2.3.1",
      "resolved": "https://registry.npmjs.org/mime/-/mime-2.3.1.tgz",
      "integrity": "sha512-OEUllcVoydBHGN1z84yfQDimn58pZNNNXgZlHXSboxMlFvgI6MXSWpWKpFRra7H1HxpVhHTkrghfRW49k6yjeg=="
    },
    "nan": {
      "version": "2.11.1",
      "resolved": "https://registry.npmjs.org/nan/-/nan-2.11.1.tgz",
      "integrity": "sha512-iji6k87OSXa0CcrLl9z+ZiYSuR2o+c0bGuNmXdrhTQTakxytAFsC56SArGYoiHlJlFoHSnvmhpceZJaXkVuOtA=="
    },
    "raw-buffer": {
      "version": "0.0.19",
      "resolved": "https://registry.npmjs.org/raw-buffer/-/raw-buffer-0.0.19.tgz",
      "integrity": "sha512-DLrbjmFL+buTT8JLQ41nhh89y7gglVufrl/PwicWecTb5HeSkNlURqnx8pYjDO8VX7zNv9QwahawmRTgRMtRVQ==",
      "requires": {
        "nan": "^2.10.0"
      }
    },
    "smiggles": {
      "version": "0.0.28",
      "resolved": "https://registry.npmjs.org/smiggles/-/smiggles-0.0.28.tgz",
      "integrity": "sha512-v6QAq07XmzH/4nmGUZci0xoYeBEZOHY8sBvUVHtegWLg4I1FbbrZRNR1Fx+PLOv7J4RKIFnF5IJl/doh18s5fQ=="
    },
    "window-fetch": {
      "version": "0.0.9",
      "resolved": "https://registry.npmjs.org/window-fetch/-/window-fetch-0.0.9.tgz",
      "integrity": "sha512-BxOTW+Wv1NyFxEjR01Cwusvwh5xlH6fyxj4MysqWjH3SeJP0wbpqlNZ8LBHkApNelvnZbuv2RhTbCWM1SPBZXg==",
      "requires": {
        "mime": "^2.3.1"
      }
    },
    "ws": {
      "version": "6.1.0",
      "resolved": "https://registry.npmjs.org/ws/-/ws-6.1.0.tgz",
      "integrity": "sha512-H3dGVdGvW2H8bnYpIDc3u3LH8Wue3Qh+Zto6aXXFzvESkTVT6rAfKR6tR/+coaUvxs8yHtmNV0uioBF62ZGSTg==",
      "requires": {
        "async-limiter": "~1.0.0"
      }
    },
    "xmlhttprequest": {
      "version": "1.8.0",
      "resolved": "https://registry.npmjs.org/xmlhttprequest/-/xmlhttprequest-1.8.0.tgz",
      "integrity": "sha1-Z/4HXFwk/vOfnWX197f+dRcZaPw="
    }
  }
}
